
Microsoft Visual Studio Solution File, Format Version 12.00
# Visual Studio Version 17
VisualStudioVersion = 17.6.33815.320
MinimumVisualStudioVersion = 10.0.40219.1
Project("{FAE04EC0-301F-11D3-BF4B-00C04F79EFBC}") = "APTWhiteLabelAPI", "APTWhiteLabelAPI\APTWhiteLabelAPI.csproj", "{AAD51FC3-BCA4-41F8-9B89-73AEF2F7E47E}"
EndProject
Global
	GlobalSection(SolutionConfigurationPlatforms) = preSolution
		Debug|Any CPU = Debug|Any CPU
		Release|Any CPU = Release|Any CPU
	EndGlobalSection
	GlobalSection(ProjectConfigurationPlatforms) = postSolution
		{AAD51FC3-BCA4-41F8-9B89-73AEF2F7E47E}.Debug|Any CPU.ActiveCfg = Debug|Any CPU
		{AAD51FC3-BCA4-41F8-9B89-73AEF2F7E47E}.Debug|Any CPU.Build.0 = Debug|Any CPU
		{AAD51FC3-BCA4-41F8-9B89-73AEF2F7E47E}.Release|Any CPU.ActiveCfg = Release|Any CPU
		{AAD51FC3-BCA4-41F8-9B89-73AEF2F7E47E}.Release|Any CPU.Build.0 = Release|Any CPU
	EndGlobalSection
	GlobalSection(SolutionProperties) = preSolution
		HideSolutionNode = FALSE
	EndGlobalSection
	GlobalSection(ExtensibilityGlobals) = postSolution
		SolutionGuid = {46ED9671-500C-4FAF-8A31-494FF248506D}
	EndGlobalSection
EndGlobal
